
Microsoft Visual Studio Solution File, Format Version 12.00
# Visual Studio Version 17
VisualStudioVersion = 17.2.32630.192
MinimumVisualStudioVersion = 10.0.40219.1
Project("{FAE04EC0-301F-11D3-BF4B-00C04F79EFBC}") = "AFI.API", "AFI.API\AFI.API.csproj", "{DC0AEBF2-1D4E-4FBA-924C-0B31427C7077}"
EndProject
Global
	GlobalSection(SolutionConfigurationPlatforms) = preSolution
		Debug|Any CPU = Debug|Any CPU
		Release|Any CPU = Release|Any CPU
	EndGlobalSection
	GlobalSection(ProjectConfigurationPlatforms) = postSolution
		{DC0AEBF2-1D4E-4FBA-924C-0B31427C7077}.Debug|Any CPU.ActiveCfg = Debug|Any CPU
		{DC0AEBF2-1D4E-4FBA-924C-0B31427C7077}.Debug|Any CPU.Build.0 = Debug|Any CPU
		{DC0AEBF2-1D4E-4FBA-924C-0B31427C7077}.Release|Any CPU.ActiveCfg = Release|Any CPU
		{DC0AEBF2-1D4E-4FBA-924C-0B31427C7077}.Release|Any CPU.Build.0 = Release|Any CPU
	EndGlobalSection
	GlobalSection(SolutionProperties) = preSolution
		HideSolutionNode = FALSE
	EndGlobalSection
	GlobalSection(ExtensibilityGlobals) = postSolution
		SolutionGuid = {53D71B31-0D3E-43CF-9ECD-A26CB799D0BD}
	EndGlobalSection
EndGlobal
